
Microsoft Visual Studio Solution File, Format Version 12.00
# Visual Studio Version 16
VisualStudioVersion = 16.0.28803.202
MinimumVisualStudioVersion = 10.0.40219.1
Project("{FAE04EC0-301F-11D3-BF4B-00C04F79EFBC}") = "LambdaExpressions", "LambdaExpressions.csproj", "{718B3915-195E-404C-805C-A090037BD426}"
EndProject
Global
	GlobalSection(SolutionConfigurationPlatforms) = preSolution
		Debug|Any CPU = Debug|Any CPU
		Release|Any CPU = Release|Any CPU
	EndGlobalSection
	GlobalSection(ProjectConfigurationPlatforms) = postSolution
		{718B3915-195E-404C-805C-A090037BD426}.Debug|Any CPU.ActiveCfg = Debug|Any CPU
		{718B3915-195E-404C-805C-A090037BD426}.Debug|Any CPU.Build.0 = Debug|Any CPU
		{718B3915-195E-404C-805C-A090037BD426}.Release|Any CPU.ActiveCfg = Release|Any CPU
		{718B3915-195E-404C-805C-A090037BD426}.Release|Any CPU.Build.0 = Release|Any CPU
	EndGlobalSection
	GlobalSection(SolutionProperties) = preSolution
		HideSolutionNode = FALSE
	EndGlobalSection
	GlobalSection(ExtensibilityGlobals) = postSolution
		SolutionGuid = {206F90F8-30C3-4B07-9519-E92D71246655}
	EndGlobalSection
EndGlobal
